
Microsoft Visual Studio Solution File, Format Version 12.00
# Visual Studio Version 17
VisualStudioVersion = 17.3.32929.385
MinimumVisualStudioVersion = 10.0.40219.1
Project("{FAE04EC0-301F-11D3-BF4B-00C04F79EFBC}") = "Presidents", "Presidents\Presidents.csproj", "{8D09BA0A-8349-4C48-893F-F796D1FFA926}"
EndProject
Global
	GlobalSection(SolutionConfigurationPlatforms) = preSolution
		Debug|Any CPU = Debug|Any CPU
		Release|Any CPU = Release|Any CPU
	EndGlobalSection
	GlobalSection(ProjectConfigurationPlatforms) = postSolution
		{8D09BA0A-8349-4C48-893F-F796D1FFA926}.Debug|Any CPU.ActiveCfg = Debug|Any CPU
		{8D09BA0A-8349-4C48-893F-F796D1FFA926}.Debug|Any CPU.Build.0 = Debug|Any CPU
		{8D09BA0A-8349-4C48-893F-F796D1FFA926}.Release|Any CPU.ActiveCfg = Release|Any CPU
		{8D09BA0A-8349-4C48-893F-F796D1FFA926}.Release|Any CPU.Build.0 = Release|Any CPU
	EndGlobalSection
	GlobalSection(SolutionProperties) = preSolution
		HideSolutionNode = FALSE
	EndGlobalSection
	GlobalSection(ExtensibilityGlobals) = postSolution
		SolutionGuid = {A7277B72-B208-4EAD-A04B-3A74BFCFCDB5}
	EndGlobalSection
EndGlobal
